
Microsoft Visual Studio Solution File, Format Version 12.00
# Visual Studio Version 17
VisualStudioVersion = 17.7.34031.279
MinimumVisualStudioVersion = 10.0.40219.1
Project("{FAE04EC0-301F-11D3-BF4B-00C04F79EFBC}") = "RunGroupWebApp", "RunGroupWebApp\RunGroupWebApp.csproj", "{9E4E8C83-66D1-4DD4-9B2A-5CB6BCFBC43E}"
EndProject
Global
	GlobalSection(SolutionConfigurationPlatforms) = preSolution
		Debug|Any CPU = Debug|Any CPU
		Release|Any CPU = Release|Any CPU
	EndGlobalSection
	GlobalSection(ProjectConfigurationPlatforms) = postSolution
		{9E4E8C83-66D1-4DD4-9B2A-5CB6BCFBC43E}.Debug|Any CPU.ActiveCfg = Debug|Any CPU
		{9E4E8C83-66D1-4DD4-9B2A-5CB6BCFBC43E}.Debug|Any CPU.Build.0 = Debug|Any CPU
		{9E4E8C83-66D1-4DD4-9B2A-5CB6BCFBC43E}.Release|Any CPU.ActiveCfg = Release|Any CPU
		{9E4E8C83-66D1-4DD4-9B2A-5CB6BCFBC43E}.Release|Any CPU.Build.0 = Release|Any CPU
	EndGlobalSection
	GlobalSection(SolutionProperties) = preSolution
		HideSolutionNode = FALSE
	EndGlobalSection
	GlobalSection(ExtensibilityGlobals) = postSolution
		SolutionGuid = {7E1E4097-7A64-48FF-A803-532EB970BA88}
	EndGlobalSection
EndGlobal
